// !$*UTF8*$!
{
	archiveVersion = 1;
	classes = {
	};
	objectVersion = 46;
	objects = {

/* Begin PBXBuildFile section */
		5AEA9F881D9D8BE30015D4EE /* AppDelegate.swift in Sources */ = {isa = PBXBuildFile; fileRef = 5AEA9F871D9D8BE30015D4EE /* AppDelegate.swift */; };
		5AEA9F8A1D9D8BE30015D4EE /* ViewController.swift in Sources */ = {isa = PBXBuildFile; fileRef = 5AEA9F891D9D8BE30015D4EE /* ViewController.swift */; };
		5AEA9F8D1D9D8BE30015D4EE /* Main.storyboard in Resources */ = {isa = PBXBuildFile; fileRef = 5AEA9F8B1D9D8BE30015D4EE /* Main.storyboard */; };
		5AEA9F8F1D9D8BE30015D4EE /* Assets.xcassets in Resources */ = {isa = PBXBuildFile; fileRef = 5AEA9F8E1D9D8BE30015D4EE /* Assets.xcassets */; };
		5AEA9F921D9D8BE30015D4EE /* LaunchScreen.storyboard in Resources */ = {isa = PBXBuildFile; fileRef = 5AEA9F901D9D8BE30015D4EE /* LaunchScreen.storyboard */; };
/* End PBXBuildFile section */

/* Begin PBXFileReference section */
		5AEA9F841D9D8BE30015D4EE /* pickerTableExample.app */ = {isa = PBXFileReference; explicitFileType = wrapper.application; includeInIndex = 0; path = pickerTableExample.app; sourceTree = BUILT_PRODUCTS_DIR; };
		5AEA9F871D9D8BE30015D4EE /* AppDelegate.swift */ = {isa = PBXFileReference; lastKnownFileType = sourcecode.swift; path = AppDelegate.swift; sourceTree = "<group>"; };
		5AEA9F891D9D8BE30015D4EE /* ViewController.swift */ = {isa = PBXFileReference; lastKnownFileType = sourcecode.swift; path = ViewController.swift; sourceTree = "<group>"; };
		5AEA9F8C1D9D8BE30015D4EE /* Base */ = {isa = PBXFileReference; lastKnownFileType = file.storyboard; name = Base; path = Base.lproj/Main.storyboard; sourceTree = "<group>"; };
		5AEA9F8E1D9D8BE30015D4EE /* Assets.xcassets */ = {isa = PBXFileReference; lastKnownFileType = folder.assetcatalog; path = Assets.xcassets; sourceTree = "<group>"; };
		5AEA9F911D9D8BE30015D4EE /* Base */ = {isa = PBXFileReference; lastKnownFileType = file.storyboard; name = Base; path = Base.lproj/LaunchScreen.storyboard; sourceTree = "<group>"; };
		5AEA9F931D9D8BE30015D4EE /* Info.plist */ = {isa = PBXFileReference; lastKnownFileType = text.plist.xml; path = Info.plist; sourceTree = "<group>"; };
/* End PBXFileReference section */

/* Begin PBXFrameworksBuildPhase section */
		5AEA9F811D9D8BE30015D4EE /* Frameworks */ = {
			isa = PBXFrameworksBuildPhase;
			buildActionMask = 2147483647;
			files = (
			);
			runOnlyForDeploymentPostprocessing = 0;
		};
/* End PBXFrameworksBuildPhase section */

/* Begin PBXGroup section */
		5AEA9F7B1D9D8BE30015D4EE = {
			isa = PBXGroup;
			children = (
				5AEA9F861D9D8BE30015D4EE /* pickerTableExample */,
				5AEA9F851D9D8BE30015D4EE /* Products */,
			);
			sourceTree = "<group>";
		};
		5AEA9F851D9D8BE30015D4EE /* Products */ = {
			isa = PBXGroup;
			children = (
				5AEA9F841D9D8BE30015D4EE /* pickerTableExample.app */,
			);
			name = Products;
			sourceTree = "<group>";
		};
		5AEA9F861D9D8BE30015D4EE /* pickerTableExample */ = {
			isa = PBXGroup;
			children = (
				5AEA9F871D9D8BE30015D4EE /* AppDelegate.swift */,
				5AEA9F891D9D8BE30015D4EE /* ViewController.swift */,
				5AEA9F8B1D9D8BE30015D4EE /* Main.storyboard */,
				5AEA9F8E1D9D8BE30015D4EE /* Assets.xcassets */,
				5AEA9F901D9D8BE30015D4EE /* LaunchScreen.storyboard */,
				5AEA9F931D9D8BE30015D4EE /* Info.plist */,
			);
			path = pickerTableExample;
			sourceTree = "<group>";
		};
/* End PBXGroup section */

/* Begin PBXNativeTarget section */
		5AEA9F831D9D8BE30015D4EE /* pickerTableExample */ = {
			isa = PBXNativeTarget;
			buildConfigurationList = 5AEA9F961D9D8BE30015D4EE /* Build configuration list for PBXNativeTarget "pickerTableExample" */;
			buildPhases = (
				5AEA9F801D9D8BE30015D4EE /* Sources */,
				5AEA9F811D9D8BE30015D4EE /* Frameworks */,
				5AEA9F821D9D8BE30015D4EE /* Resources */,
			);
			buildRules = (
			);
			dependencies = (
			);
			name = pickerTableExample;
			productName = pickerTableExample;
			productReference = 5AEA9F841D9D8BE30015D4EE /* pickerTableExample.app */;
			productType = "com.apple.product-type.application";
		};
/* End PBXNativeTarget section */

/* Begin PBXProject section */
		5AEA9F7C1D9D8BE30015D4EE /* Project object */ = {
			isa = PBXProject;
			attributes = {
				LastSwiftUpdateCheck = 0730;
				LastUpgradeCheck = 0800;
				ORGANIZATIONNAME = tester;
				TargetAttributes = {
					5AEA9F831D9D8BE30015D4EE = {
						CreatedOnToolsVersion = 7.3.1;
						DevelopmentTeam = VNS4Z65AXZ;
						LastSwiftMigration = 0800;
					};
				};
			};
			buildConfigurationList = 5AEA9F7F1D9D8BE30015D4EE /* Build configuration list for PBXProject "pickerTableExample" */;
			compatibilityVersion = "Xcode 3.2";
			developmentRegion = English;
			hasScannedForEncodings = 0;
			knownRegions = (
				en,
				Base,
			);
			mainGroup = 5AEA9F7B1D9D8BE30015D4EE;
			productRefGroup = 5AEA9F851D9D8BE30015D4EE /* Products */;
			projectDirPath = "";
			projectRoot = "";
			targets = (
				5AEA9F831D9D8BE30015D4EE /* pickerTableExample */,
			);
		};
/* End PBXProject section */

/* Begin PBXResourcesBuildPhase section */
		5AEA9F821D9D8BE30015D4EE /* Resources */ = {
			isa = PBXResourcesBuildPhase;
			buildActionMask = 2147483647;
			files = (
				5AEA9F921D9D8BE30015D4EE /* LaunchScreen.storyboard in Resources */,
				5AEA9F8F1D9D8BE30015D4EE /* Assets.xcassets in Resources */,
				5AEA9F8D1D9D8BE30015D4EE /* Main.storyboard in Resources */,
			);
			runOnlyForDeploymentPostprocessing = 0;
		};
/* End PBXResourcesBuildPhase section */

/* Begin PBXSourcesBuildPhase section */
		5AEA9F801D9D8BE30015D4EE /* Sources */ = {
			isa = PBXSourcesBuildPhase;
			buildActionMask = 2147483647;
			files = (
				5AEA9F8A1D9D8BE30015D4EE /* ViewController.swift in Sources */,
				5AEA9F881D9D8BE30015D4EE /* AppDelegate.swift in Sources */,
			);
			runOnlyForDeploymentPostprocessing = 0;
		};
/* End PBXSourcesBuildPhase section */

/* Begin PBXVariantGroup section */
		5AEA9F8B1D9D8BE30015D4EE /* Main.storyboard */ = {
			isa = PBXVariantGroup;
			children = (
				5AEA9F8C1D9D8BE30015D4EE /* Base */,
			);
			name = Main.storyboard;
			sourceTree = "<group>";
		};
		5AEA9F901D9D8BE30015D4EE /* LaunchScreen.storyboard */ = {
			isa = PBXVariantGroup;
			children = (
				5AEA9F911D9D8BE30015D4EE /* Base */,
			);
			name = LaunchScreen.storyboard;
			sourceTree = "<group>";
		};
/* End PBXVariantGroup section */

/* Begin XCBuildConfiguration section */
		5AEA9F941D9D8BE30015D4EE /* Debug */ = {
			isa = XCBuildConfiguration;
			buildSettings = {
				ALWAYS_SEARCH_USER_PATHS = NO;
				CLANG_ANALYZER_NONNULL = YES;
				CLANG_CXX_LANGUAGE_STANDARD = "gnu++0x";
				CLANG_CXX_LIBRARY = "libc++";
				CLANG_ENABLE_MODULES = YES;
				CLANG_ENABLE_OBJC_ARC = YES;
				CLANG_WARN_BOOL_CONVERSION = YES;
				CLANG_WARN_CONSTANT_CONVERSION = YES;
				CLANG_WARN_DIRECT_OBJC_ISA_USAGE = YES_ERROR;
				CLANG_WARN_EMPTY_BODY = YES;
				CLANG_WARN_ENUM_CONVERSION = YES;
				CLANG_WARN_INFINITE_RECURSION = YES;
				CLANG_WARN_INT_CONVERSION = YES;
				CLANG_WARN_OBJC_ROOT_CLASS = YES_ERROR;
				CLANG_WARN_SUSPICIOUS_MOVE = YES;
				CLANG_WARN_UNREACHABLE_CODE = YES;
				CLANG_WARN__DUPLICATE_METHOD_MATCH = YES;
				"CODE_SIGN_IDENTITY[sdk=iphoneos*]" = "iPhone Developer";
				COPY_PHASE_STRIP = NO;
				DEBUG_INFORMATION_FORMAT = dwarf;
				ENABLE_STRICT_OBJC_MSGSEND = YES;
				ENABLE_TESTABILITY = YES;
				GCC_C_LANGUAGE_STANDARD = gnu99;
				GCC_DYNAMIC_NO_PIC = NO;
				GCC_NO_COMMON_BLOCKS = YES;
				GCC_OPTIMIZATION_LEVEL = 0;
				GCC_PREPROCESSOR_DEFINITIONS = (
					"DEBUG=1",
					"$(inherited)",
				);
				GCC_WARN_64_TO_32_BIT_CONVERSION = YES;
				GCC_WARN_ABOUT_RETURN_TYPE = YES_ERROR;
				GCC_WARN_UNDECLARED_SELECTOR = YES;
				GCC_WARN_UNINITIALIZED_AUTOS = YES_AGGRESSIVE;
				GCC_WARN_UNUSED_FUNCTION = YES;
				GCC_WARN_UNUSED_VARIABLE = YES;
				IPHONEOS_DEPLOYMENT_TARGET = 9.3;
				MTL_ENABLE_DEBUG_INFO = YES;
				ONLY_ACTIVE_ARCH = YES;
				SDKROOT = iphoneos;
				SWIFT_OPTIMIZATION_LEVEL = "-Onone";
				TARGETED_DEVICE_FAMILY = "1,2";
			};
			name = Debug;
		};
		5AEA9F951D9D8BE30015D4EE /* Release */ = {
			isa = XCBuildConfiguration;
			buildSettings = {
				ALWAYS_SEARCH_USER_PATHS = NO;
				CLANG_ANALYZER_NONNULL = YES;
				CLANG_CXX_LANGUAGE_STANDARD = "gnu++0x";
				CLANG_CXX_LIBRARY = "libc++";
				CLANG_ENABLE_MODULES = YES;
				CLANG_ENABLE_OBJC_ARC = YES;
				CLANG_WARN_BOOL_CONVERSION = YES;
				CLANG_WARN_CONSTANT_CONVERSION = YES;
				CLANG_WARN_DIRECT_OBJC_ISA_USAGE = YES_ERROR;
				CLANG_WARN_EMPTY_BODY = YES;
				CLANG_WARN_ENUM_CONVERSION = YES;
				CLANG_WARN_INFINITE_RECURSION = YES;
				CLANG_WARN_INT_CONVERSION = YES;
				CLANG_WARN_OBJC_ROOT_CLASS = YES_ERROR;
				CLANG_WARN_SUSPICIOUS_MOVE = YES;
				CLANG_WARN_UNREACHABLE_CODE = YES;
				CLANG_WARN__DUPLICATE_METHOD_MATCH = YES;
				"CODE_SIGN_IDENTITY[sdk=iphoneos*]" = "iPhone Developer";
				COPY_PHASE_STRIP = NO;
				DEBUG_INFORMATION_FORMAT = "dwarf-with-dsym";
				ENABLE_NS_ASSERTIONS = NO;
				ENABLE_STRICT_OBJC_MSGSEND = YES;
				GCC_C_LANGUAGE_STANDARD = gnu99;
				GCC_NO_COMMON_BLOCKS = YES;
				GCC_WARN_64_TO_32_BIT_CONVERSION = YES;
				GCC_WARN_ABOUT_RETURN_TYPE = YES_ERROR;
				GCC_WARN_UNDECLARED_SELECTOR = YES;
				GCC_WARN_UNINITIALIZED_AUTOS = YES_AGGRESSIVE;
				GCC_WARN_UNUSED_FUNCTION = YES;
				GCC_WARN_UNUSED_VARIABLE = YES;
				IPHONEOS_DEPLOYMENT_TARGET = 9.3;
				MTL_ENABLE_DEBUG_INFO = NO;
				SDKROOT = iphoneos;
				SWIFT_OPTIMIZATION_LEVEL = "-Owholemodule";
				TARGETED_DEVICE_FAMILY = "1,2";
				VALIDATE_PRODUCT = YES;
			};
			name = Release;
		};
		5AEA9F971D9D8BE30015D4EE /* Debug */ = {
			isa = XCBuildConfiguration;
			buildSettings = {
				ASSETCATALOG_COMPILER_APPICON_NAME = AppIcon;
				INFOPLIST_FILE = pickerTableExample/Info.plist;
				LD_RUNPATH_SEARCH_PATHS = "$(inherited) @executable_path/Frameworks";
				PRODUCT_BUNDLE_IDENTIFIER = com.soomilee.emojiTable;
				PRODUCT_NAME = "$(TARGET_NAME)";
				SWIFT_VERSION = 3.0;
			};
			name = Debug;
		};
		5AEA9F981D9D8BE30015D4EE /* Release */ = {
			isa = XCBuildConfiguration;
			buildSettings = {
				ASSETCATALOG_COMPILER_APPICON_NAME = AppIcon;
				INFOPLIST_FILE = pickerTableExample/Info.plist;
				LD_RUNPATH_SEARCH_PATHS = "$(inherited) @executable_path/Frameworks";
				PRODUCT_BUNDLE_IDENTIFIER = com.soomilee.emojiTable;
				PRODUCT_NAME = "$(TARGET_NAME)";
				SWIFT_VERSION = 3.0;
			};
			name = Release;
		};
/* End XCBuildConfiguration section */

/* Begin XCConfigurationList section */
		5AEA9F7F1D9D8BE30015D4EE /* Build configuration list for PBXProject "pickerTableExample" */ = {
			isa = XCConfigurationList;
			buildConfigurations = (
				5AEA9F941D9D8BE30015D4EE /* Debug */,
				5AEA9F951D9D8BE30015D4EE /* Release */,
			);
			defaultConfigurationIsVisible = 0;
			defaultConfigurationName = Release;
		};
		5AEA9F961D9D8BE30015D4EE /* Build configuration list for PBXNativeTarget "pickerTableExample" */ = {
			isa = XCConfigurationList;
			buildConfigurations = (
				5AEA9F971D9D8BE30015D4EE /* Debug */,
				5AEA9F981D9D8BE30015D4EE /* Release */,
			);
			defaultConfigurationIsVisible = 0;
			defaultConfigurationName = Release;
		};
/* End XCConfigurationList section */
	};
	rootObject = 5AEA9F7C1D9D8BE30015D4EE /* Project object */;
}
